{
  "name": "yeetspeak",
  "version": "1.0.0",
  "lockfileVersion": 1,
  "requires": true,
  "dependencies": {
    "espeak": {
      "version": "0.0.3",
      "resolved": "https://registry.npmjs.org/espeak/-/espeak-0.0.3.tgz",
      "integrity": "sha1-1j1WFw2RoXUc31+Fnv64C5iy7Ws="
    },
    "micro-query": {
      "version": "0.3.0",
      "resolved": "https://registry.npmjs.org/micro-query/-/micro-query-0.3.0.tgz",
      "integrity": "sha1-EL2XPWJIN5q1hHq5LTNl/DRPMJ0=",
      "requires": {
        "qs": "6.5.2"
      }
    },
    "qs": {
      "version": "6.5.2",
      "resolved": "https://registry.npmjs.org/qs/-/qs-6.5.2.tgz",
      "integrity": "sha512-N5ZAX4/LxJmF+7wN74pUD6qAh9/wnvdQcjq9TZjevvXzSUo7bfmw91saqMjzGS2xq91/odN2dW/WOl7qQHNDGA=="
    }
  }
}
